{
  "name": "gitpod-bug-demo",
  "lockfileVersion": 2,
  "requires": true,
  "packages": {
    "": {
      "devDependencies": {
        "private-package": "github:joepurdy/private-npm-package"
      }
    },
    "node_modules/private-package": {
      "name": "private-npm-package",
      "version": "1.0.0",
      "resolved": "git+ssh://git@github.com/joepurdy/private-npm-package.git#30d68c63af413ba6661f276081a2b752e7bce74b",
      "dev": true,
      "license": "ISC"
    }
  },
  "dependencies": {
    "private-package": {
      "version": "git+ssh://git@github.com/joepurdy/private-npm-package.git#30d68c63af413ba6661f276081a2b752e7bce74b",
      "dev": true,
      "from": "private-package@github:joepurdy/private-npm-package"
    }
  }
}
